
Microsoft Visual Studio Solution File, Format Version 12.00
# Visual Studio 15
VisualStudioVersion = 15.0.28307.489
MinimumVisualStudioVersion = 10.0.40219.1
Project("{FAE04EC0-301F-11D3-BF4B-00C04F79EFBC}") = "Clinique.Android", "Clinique\Clinique.Android\Clinique.Android.csproj", "{5C6AC75A-DCB6-4D27-8EB8-87DDFC1FEC8E}"
EndProject
Project("{FAE04EC0-301F-11D3-BF4B-00C04F79EFBC}") = "Clinique.iOS", "Clinique\Clinique.iOS\Clinique.iOS.csproj", "{CCCDFDE3-1B6C-4449-AE88-F412F307D529}"
EndProject
Project("{FAE04EC0-301F-11D3-BF4B-00C04F79EFBC}") = "Clinique", "Clinique\Clinique\Clinique.csproj", "{FD0B1391-FC8D-4CD2-9774-3F7F95213F5C}"
EndProject
Global
	GlobalSection(SolutionConfigurationPlatforms) = preSolution
		Ad-Hoc|Any CPU = Ad-Hoc|Any CPU
		Ad-Hoc|iPhone = Ad-Hoc|iPhone
		Ad-Hoc|iPhoneSimulator = Ad-Hoc|iPhoneSimulator
		AppStore|Any CPU = AppStore|Any CPU
		AppStore|iPhone = AppStore|iPhone
		AppStore|iPhoneSimulator = AppStore|iPhoneSimulator
		Debug|Any CPU = Debug|Any CPU
		Debug|iPhone = Debug|iPhone
		Debug|iPhoneSimulator = Debug|iPhoneSimulator
		Release|Any CPU = Release|Any CPU
		Release|iPhone = Release|iPhone
		Release|iPhoneSimulator = Release|iPhoneSimulator
	EndGlobalSection
	GlobalSection(ProjectConfigurationPlatforms) = postSolution
		{5C6AC75A-DCB6-4D27-8EB8-87DDFC1FEC8E}.Ad-Hoc|Any CPU.ActiveCfg = Release|Any CPU
		{5C6AC75A-DCB6-4D27-8EB8-87DDFC1FEC8E}.Ad-Hoc|Any CPU.Build.0 = Release|Any CPU
		{5C6AC75A-DCB6-4D27-8EB8-87DDFC1FEC8E}.Ad-Hoc|Any CPU.Deploy.0 = Release|Any CPU
		{5C6AC75A-DCB6-4D27-8EB8-87DDFC1FEC8E}.Ad-Hoc|iPhone.ActiveCfg = Release|Any CPU
		{5C6AC75A-DCB6-4D27-8EB8-87DDFC1FEC8E}.Ad-Hoc|iPhone.Build.0 = Release|Any CPU
		{5C6AC75A-DCB6-4D27-8EB8-87DDFC1FEC8E}.Ad-Hoc|iPhone.Deploy.0 = Release|Any CPU
		{5C6AC75A-DCB6-4D27-8EB8-87DDFC1FEC8E}.Ad-Hoc|iPhoneSimulator.ActiveCfg = Release|Any CPU
		{5C6AC75A-DCB6-4D27-8EB8-87DDFC1FEC8E}.Ad-Hoc|iPhoneSimulator.Build.0 = Release|Any CPU
		{5C6AC75A-DCB6-4D27-8EB8-87DDFC1FEC8E}.Ad-Hoc|iPhoneSimulator.Deploy.0 = Release|Any CPU
		{5C6AC75A-DCB6-4D27-8EB8-87DDFC1FEC8E}.AppStore|Any CPU.ActiveCfg = Release|Any CPU
		{5C6AC75A-DCB6-4D27-8EB8-87DDFC1FEC8E}.AppStore|Any CPU.Build.0 = Release|Any CPU
		{5C6AC75A-DCB6-4D27-8EB8-87DDFC1FEC8E}.AppStore|Any CPU.Deploy.0 = Release|Any CPU
		{5C6AC75A-DCB6-4D27-8EB8-87DDFC1FEC8E}.AppStore|iPhone.ActiveCfg = Release|Any CPU
		{5C6AC75A-DCB6-4D27-8EB8-87DDFC1FEC8E}.AppStore|iPhone.Build.0 = Release|Any CPU
		{5C6AC75A-DCB6-4D27-8EB8-87DDFC1FEC8E}.AppStore|iPhone.Deploy.0 = Release|Any CPU
		{5C6AC75A-DCB6-4D27-8EB8-87DDFC1FEC8E}.AppStore|iPhoneSimulator.ActiveCfg = Release|Any CPU
		{5C6AC75A-DCB6-4D27-8EB8-87DDFC1FEC8E}.AppStore|iPhoneSimulator.Build.0 = Release|Any CPU
		{5C6AC75A-DCB6-4D27-8EB8-87DDFC1FEC8E}.AppStore|iPhoneSimulator.Deploy.0 = Release|Any CPU
		{5C6AC75A-DCB6-4D27-8EB8-87DDFC1FEC8E}.Debug|Any CPU.ActiveCfg = Debug|Any CPU
		{5C6AC75A-DCB6-4D27-8EB8-87DDFC1FEC8E}.Debug|Any CPU.Build.0 = Debug|Any CPU
		{5C6AC75A-DCB6-4D27-8EB8-87DDFC1FEC8E}.Debug|Any CPU.Deploy.0 = Debug|Any CPU
		{5C6AC75A-DCB6-4D27-8EB8-87DDFC1FEC8E}.Debug|iPhone.ActiveCfg = Debug|Any CPU
		{5C6AC75A-DCB6-4D27-8EB8-87DDFC1FEC8E}.Debug|iPhone.Build.0 = Debug|Any CPU
		{5C6AC75A-DCB6-4D27-8EB8-87DDFC1FEC8E}.Debug|iPhone.Deploy.0 = Debug|Any CPU
		{5C6AC75A-DCB6-4D27-8EB8-87DDFC1FEC8E}.Debug|iPhoneSimulator.ActiveCfg = Debug|Any CPU
		{5C6AC75A-DCB6-4D27-8EB8-87DDFC1FEC8E}.Debug|iPhoneSimulator.Build.0 = Debug|Any CPU
		{5C6AC75A-DCB6-4D27-8EB8-87DDFC1FEC8E}.Debug|iPhoneSimulator.Deploy.0 = Debug|Any CPU
		{5C6AC75A-DCB6-4D27-8EB8-87DDFC1FEC8E}.Release|Any CPU.ActiveCfg = Release|Any CPU
		{5C6AC75A-DCB6-4D27-8EB8-87DDFC1FEC8E}.Release|Any CPU.Build.0 = Release|Any CPU
		{5C6AC75A-DCB6-4D27-8EB8-87DDFC1FEC8E}.Release|Any CPU.Deploy.0 = Release|Any CPU
		{5C6AC75A-DCB6-4D27-8EB8-87DDFC1FEC8E}.Release|iPhone.ActiveCfg = Release|Any CPU
		{5C6AC75A-DCB6-4D27-8EB8-87DDFC1FEC8E}.Release|iPhone.Build.0 = Release|Any CPU
		{5C6AC75A-DCB6-4D27-8EB8-87DDFC1FEC8E}.Release|iPhone.Deploy.0 = Release|Any CPU
		{5C6AC75A-DCB6-4D27-8EB8-87DDFC1FEC8E}.Release|iPhoneSimulator.ActiveCfg = Release|Any CPU
		{5C6AC75A-DCB6-4D27-8EB8-87DDFC1FEC8E}.Release|iPhoneSimulator.Build.0 = Release|Any CPU
		{5C6AC75A-DCB6-4D27-8EB8-87DDFC1FEC8E}.Release|iPhoneSimulator.Deploy.0 = Release|Any CPU
		{CCCDFDE3-1B6C-4449-AE88-F412F307D529}.Ad-Hoc|Any CPU.ActiveCfg = Ad-Hoc|iPhone
		{CCCDFDE3-1B6C-4449-AE88-F412F307D529}.Ad-Hoc|Any CPU.Build.0 = Ad-Hoc|iPhone
		{CCCDFDE3-1B6C-4449-AE88-F412F307D529}.Ad-Hoc|Any CPU.Deploy.0 = Ad-Hoc|iPhone
		{CCCDFDE3-1B6C-4449-AE88-F412F307D529}.Ad-Hoc|iPhone.ActiveCfg = Ad-Hoc|iPhone
		{CCCDFDE3-1B6C-4449-AE88-F412F307D529}.Ad-Hoc|iPhone.Build.0 = Ad-Hoc|iPhone
		{CCCDFDE3-1B6C-4449-AE88-F412F307D529}.Ad-Hoc|iPhone.Deploy.0 = Ad-Hoc|iPhone
		{CCCDFDE3-1B6C-4449-AE88-F412F307D529}.Ad-Hoc|iPhoneSimulator.ActiveCfg = Ad-Hoc|iPhoneSimulator
		{CCCDFDE3-1B6C-4449-AE88-F412F307D529}.Ad-Hoc|iPhoneSimulator.Build.0 = Ad-Hoc|iPhoneSimulator
		{CCCDFDE3-1B6C-4449-AE88-F412F307D529}.Ad-Hoc|iPhoneSimulator.Deploy.0 = Ad-Hoc|iPhoneSimulator
		{CCCDFDE3-1B6C-4449-AE88-F412F307D529}.AppStore|Any CPU.ActiveCfg = AppStore|iPhone
		{CCCDFDE3-1B6C-4449-AE88-F412F307D529}.AppStore|Any CPU.Build.0 = AppStore|iPhone
		{CCCDFDE3-1B6C-4449-AE88-F412F307D529}.AppStore|Any CPU.Deploy.0 = AppStore|iPhone
		{CCCDFDE3-1B6C-4449-AE88-F412F307D529}.AppStore|iPhone.ActiveCfg = AppStore|iPhone
		{CCCDFDE3-1B6C-4449-AE88-F412F307D529}.AppStore|iPhone.Build.0 = AppStore|iPhone
		{CCCDFDE3-1B6C-4449-AE88-F412F307D529}.AppStore|iPhone.Deploy.0 = AppStore|iPhone
		{CCCDFDE3-1B6C-4449-AE88-F412F307D529}.AppStore|iPhoneSimulator.ActiveCfg = AppStore|iPhoneSimulator
		{CCCDFDE3-1B6C-4449-AE88-F412F307D529}.AppStore|iPhoneSimulator.Build.0 = AppStore|iPhoneSimulator
		{CCCDFDE3-1B6C-4449-AE88-F412F307D529}.AppStore|iPhoneSimulator.Deploy.0 = AppStore|iPhoneSimulator
		{CCCDFDE3-1B6C-4449-AE88-F412F307D529}.Debug|Any CPU.ActiveCfg = Debug|iPhoneSimulator
		{CCCDFDE3-1B6C-4449-AE88-F412F307D529}.Debug|Any CPU.Build.0 = Debug|iPhoneSimulator
		{CCCDFDE3-1B6C-4449-AE88-F412F307D529}.Debug|Any CPU.Deploy.0 = Debug|iPhoneSimulator
		{CCCDFDE3-1B6C-4449-AE88-F412F307D529}.Debug|iPhone.ActiveCfg = Debug|iPhone
		{CCCDFDE3-1B6C-4449-AE88-F412F307D529}.Debug|iPhone.Build.0 = Debug|iPhone
		{CCCDFDE3-1B6C-4449-AE88-F412F307D529}.Debug|iPhone.Deploy.0 = Debug|iPhone
		{CCCDFDE3-1B6C-4449-AE88-F412F307D529}.Debug|iPhoneSimulator.ActiveCfg = Debug|iPhoneSimulator
		{CCCDFDE3-1B6C-4449-AE88-F412F307D529}.Debug|iPhoneSimulator.Build.0 = Debug|iPhoneSimulator
		{CCCDFDE3-1B6C-4449-AE88-F412F307D529}.Debug|iPhoneSimulator.Deploy.0 = Debug|iPhoneSimulator
		{CCCDFDE3-1B6C-4449-AE88-F412F307D529}.Release|Any CPU.ActiveCfg = Release|iPhone
		{CCCDFDE3-1B6C-4449-AE88-F412F307D529}.Release|Any CPU.Build.0 = Release|iPhone
		{CCCDFDE3-1B6C-4449-AE88-F412F307D529}.Release|Any CPU.Deploy.0 = Release|iPhone
		{CCCDFDE3-1B6C-4449-AE88-F412F307D529}.Release|iPhone.ActiveCfg = Release|iPhone
		{CCCDFDE3-1B6C-4449-AE88-F412F307D529}.Release|iPhone.Build.0 = Release|iPhone
		{CCCDFDE3-1B6C-4449-AE88-F412F307D529}.Release|iPhone.Deploy.0 = Release|iPhone
		{CCCDFDE3-1B6C-4449-AE88-F412F307D529}.Release|iPhoneSimulator.ActiveCfg = Release|iPhoneSimulator
		{CCCDFDE3-1B6C-4449-AE88-F412F307D529}.Release|iPhoneSimulator.Build.0 = Release|iPhoneSimulator
		{CCCDFDE3-1B6C-4449-AE88-F412F307D529}.Release|iPhoneSimulator.Deploy.0 = Release|iPhoneSimulator
		{FD0B1391-FC8D-4CD2-9774-3F7F95213F5C}.Ad-Hoc|Any CPU.ActiveCfg = Debug|Any CPU
		{FD0B1391-FC8D-4CD2-9774-3F7F95213F5C}.Ad-Hoc|Any CPU.Build.0 = Debug|Any CPU
		{FD0B1391-FC8D-4CD2-9774-3F7F95213F5C}.Ad-Hoc|Any CPU.Deploy.0 = Debug|Any CPU
		{FD0B1391-FC8D-4CD2-9774-3F7F95213F5C}.Ad-Hoc|iPhone.ActiveCfg = Debug|Any CPU
		{FD0B1391-FC8D-4CD2-9774-3F7F95213F5C}.Ad-Hoc|iPhone.Build.0 = Debug|Any CPU
		{FD0B1391-FC8D-4CD2-9774-3F7F95213F5C}.Ad-Hoc|iPhone.Deploy.0 = Debug|Any CPU
		{FD0B1391-FC8D-4CD2-9774-3F7F95213F5C}.Ad-Hoc|iPhoneSimulator.ActiveCfg = Debug|Any CPU
		{FD0B1391-FC8D-4CD2-9774-3F7F95213F5C}.Ad-Hoc|iPhoneSimulator.Build.0 = Debug|Any CPU
		{FD0B1391-FC8D-4CD2-9774-3F7F95213F5C}.Ad-Hoc|iPhoneSimulator.Deploy.0 = Debug|Any CPU
		{FD0B1391-FC8D-4CD2-9774-3F7F95213F5C}.AppStore|Any CPU.ActiveCfg = Debug|Any CPU
		{FD0B1391-FC8D-4CD2-9774-3F7F95213F5C}.AppStore|Any CPU.Build.0 = Debug|Any CPU
		{FD0B1391-FC8D-4CD2-9774-3F7F95213F5C}.AppStore|Any CPU.Deploy.0 = Debug|Any CPU
		{FD0B1391-FC8D-4CD2-9774-3F7F95213F5C}.AppStore|iPhone.ActiveCfg = Debug|Any CPU
		{FD0B1391-FC8D-4CD2-9774-3F7F95213F5C}.AppStore|iPhone.Build.0 = Debug|Any CPU
		{FD0B1391-FC8D-4CD2-9774-3F7F95213F5C}.AppStore|iPhone.Deploy.0 = Debug|Any CPU
		{FD0B1391-FC8D-4CD2-9774-3F7F95213F5C}.AppStore|iPhoneSimulator.ActiveCfg = Debug|Any CPU
		{FD0B1391-FC8D-4CD2-9774-3F7F95213F5C}.AppStore|iPhoneSimulator.Build.0 = Debug|Any CPU
		{FD0B1391-FC8D-4CD2-9774-3F7F95213F5C}.AppStore|iPhoneSimulator.Deploy.0 = Debug|Any CPU
		{FD0B1391-FC8D-4CD2-9774-3F7F95213F5C}.Debug|Any CPU.ActiveCfg = Debug|Any CPU
		{FD0B1391-FC8D-4CD2-9774-3F7F95213F5C}.Debug|Any CPU.Build.0 = Debug|Any CPU
		{FD0B1391-FC8D-4CD2-9774-3F7F95213F5C}.Debug|Any CPU.Deploy.0 = Debug|Any CPU
		{FD0B1391-FC8D-4CD2-9774-3F7F95213F5C}.Debug|iPhone.ActiveCfg = Debug|Any CPU
		{FD0B1391-FC8D-4CD2-9774-3F7F95213F5C}.Debug|iPhone.Build.0 = Debug|Any CPU
		{FD0B1391-FC8D-4CD2-9774-3F7F95213F5C}.Debug|iPhone.Deploy.0 = Debug|Any CPU
		{FD0B1391-FC8D-4CD2-9774-3F7F95213F5C}.Debug|iPhoneSimulator.ActiveCfg = Debug|Any CPU
		{FD0B1391-FC8D-4CD2-9774-3F7F95213F5C}.Debug|iPhoneSimulator.Build.0 = Debug|Any CPU
		{FD0B1391-FC8D-4CD2-9774-3F7F95213F5C}.Debug|iPhoneSimulator.Deploy.0 = Debug|Any CPU
		{FD0B1391-FC8D-4CD2-9774-3F7F95213F5C}.Release|Any CPU.ActiveCfg = Release|Any CPU
		{FD0B1391-FC8D-4CD2-9774-3F7F95213F5C}.Release|Any CPU.Build.0 = Release|Any CPU
		{FD0B1391-FC8D-4CD2-9774-3F7F95213F5C}.Release|Any CPU.Deploy.0 = Release|Any CPU
		{FD0B1391-FC8D-4CD2-9774-3F7F95213F5C}.Release|iPhone.ActiveCfg = Release|Any CPU
		{FD0B1391-FC8D-4CD2-9774-3F7F95213F5C}.Release|iPhone.Build.0 = Release|Any CPU
		{FD0B1391-FC8D-4CD2-9774-3F7F95213F5C}.Release|iPhone.Deploy.0 = Release|Any CPU
		{FD0B1391-FC8D-4CD2-9774-3F7F95213F5C}.Release|iPhoneSimulator.ActiveCfg = Release|Any CPU
		{FD0B1391-FC8D-4CD2-9774-3F7F95213F5C}.Release|iPhoneSimulator.Build.0 = Release|Any CPU
		{FD0B1391-FC8D-4CD2-9774-3F7F95213F5C}.Release|iPhoneSimulator.Deploy.0 = Release|Any CPU
	EndGlobalSection
	GlobalSection(SolutionProperties) = preSolution
		HideSolutionNode = FALSE
	EndGlobalSection
	GlobalSection(ExtensibilityGlobals) = postSolution
		SolutionGuid = {23718B2B-5C5C-45FA-862F-E45B45E98FA4}
	EndGlobalSection
EndGlobal
